
Microsoft Visual Studio Solution File, Format Version 12.00
# Visual Studio 2012
Project("{FAE04EC0-301F-11D3-BF4B-00C04F79EFBC}") = "PullToRefresh", "PullToRefresh\PullToRefresh.csproj", "{C7BF9361-711F-4286-A57C-D1AE4C0AFF3D}"
EndProject
Global
	GlobalSection(SolutionConfigurationPlatforms) = preSolution
		Debug|iPhoneSimulator = Debug|iPhoneSimulator
		Release|iPhone = Release|iPhone
		Release|iPhoneSimulator = Release|iPhoneSimulator
		Debug|iPhone = Debug|iPhone
	EndGlobalSection
	GlobalSection(ProjectConfigurationPlatforms) = postSolution
		{C7BF9361-711F-4286-A57C-D1AE4C0AFF3D}.Debug|iPhoneSimulator.ActiveCfg = Debug|iPhoneSimulator
		{C7BF9361-711F-4286-A57C-D1AE4C0AFF3D}.Debug|iPhoneSimulator.Build.0 = Debug|iPhoneSimulator
		{C7BF9361-711F-4286-A57C-D1AE4C0AFF3D}.Release|iPhone.ActiveCfg = Release|iPhone
		{C7BF9361-711F-4286-A57C-D1AE4C0AFF3D}.Release|iPhone.Build.0 = Release|iPhone
		{C7BF9361-711F-4286-A57C-D1AE4C0AFF3D}.Release|iPhoneSimulator.ActiveCfg = Release|iPhoneSimulator
		{C7BF9361-711F-4286-A57C-D1AE4C0AFF3D}.Release|iPhoneSimulator.Build.0 = Release|iPhoneSimulator
		{C7BF9361-711F-4286-A57C-D1AE4C0AFF3D}.Debug|iPhone.ActiveCfg = Debug|iPhone
		{C7BF9361-711F-4286-A57C-D1AE4C0AFF3D}.Debug|iPhone.Build.0 = Debug|iPhone
	EndGlobalSection
EndGlobal
